
Microsoft Visual Studio Solution File, Format Version 12.00
# Visual Studio Version 17
VisualStudioVersion = 17.3.32825.248
MinimumVisualStudioVersion = 10.0.40219.1
Project("{2150E333-8FDC-42A3-9474-1A3956D46DE8}") = "Lesson_1", "Lesson_1", "{ED7036AF-B84F-407D-B288-D4F5909A3921}"
EndProject
Project("{9A19103F-16F7-4668-BE54-9A1E7A4F7556}") = "Work_1", "Work_1\Work_1.csproj", "{82960FF7-3299-4BFD-8242-A81DF22F3F65}"
EndProject
Project("{2150E333-8FDC-42A3-9474-1A3956D46DE8}") = "Lesson_2", "Lesson_2", "{97B90664-9E75-4883-8795-87C61FC290DC}"
EndProject
Project("{9A19103F-16F7-4668-BE54-9A1E7A4F7556}") = "Work_2", "Work_2\Work_2.csproj", "{693A77E1-F4E1-4BA7-9858-130494469308}"
EndProject
Project("{2150E333-8FDC-42A3-9474-1A3956D46DE8}") = "Lesson_3", "Lesson_3", "{5E7E5A06-554C-48AA-A9FC-DEB7FA49992F}"
EndProject
Project("{9A19103F-16F7-4668-BE54-9A1E7A4F7556}") = "Work_3", "Work_3\Work_3.csproj", "{3B11AED9-4BA3-44D5-8EF0-68683318BE64}"
EndProject
Project("{2150E333-8FDC-42A3-9474-1A3956D46DE8}") = "Lesson_4", "Lesson_4", "{F5200B10-71DB-4AF6-838B-D550E08E5AD3}"
EndProject
Project("{9A19103F-16F7-4668-BE54-9A1E7A4F7556}") = "Work_4", "Work_4\Work_4.csproj", "{1E2D5779-7BC9-4663-848A-391FE82D2BB6}"
EndProject
Project("{2150E333-8FDC-42A3-9474-1A3956D46DE8}") = "Lesson_5", "Lesson_5", "{04CFFE9A-3021-443E-99E1-3F47D82086D2}"
EndProject
Project("{FAE04EC0-301F-11D3-BF4B-00C04F79EFBC}") = "Work_5", "Work_5\Work_5.csproj", "{A6DE5625-A993-4C85-B685-83302CBF9C9A}"
EndProject
Global
	GlobalSection(SolutionConfigurationPlatforms) = preSolution
		Debug|Any CPU = Debug|Any CPU
		Release|Any CPU = Release|Any CPU
	EndGlobalSection
	GlobalSection(ProjectConfigurationPlatforms) = postSolution
		{82960FF7-3299-4BFD-8242-A81DF22F3F65}.Debug|Any CPU.ActiveCfg = Debug|Any CPU
		{82960FF7-3299-4BFD-8242-A81DF22F3F65}.Debug|Any CPU.Build.0 = Debug|Any CPU
		{82960FF7-3299-4BFD-8242-A81DF22F3F65}.Release|Any CPU.ActiveCfg = Release|Any CPU
		{82960FF7-3299-4BFD-8242-A81DF22F3F65}.Release|Any CPU.Build.0 = Release|Any CPU
		{693A77E1-F4E1-4BA7-9858-130494469308}.Debug|Any CPU.ActiveCfg = Debug|Any CPU
		{693A77E1-F4E1-4BA7-9858-130494469308}.Debug|Any CPU.Build.0 = Debug|Any CPU
		{693A77E1-F4E1-4BA7-9858-130494469308}.Release|Any CPU.ActiveCfg = Release|Any CPU
		{693A77E1-F4E1-4BA7-9858-130494469308}.Release|Any CPU.Build.0 = Release|Any CPU
		{3B11AED9-4BA3-44D5-8EF0-68683318BE64}.Debug|Any CPU.ActiveCfg = Debug|Any CPU
		{3B11AED9-4BA3-44D5-8EF0-68683318BE64}.Debug|Any CPU.Build.0 = Debug|Any CPU
		{3B11AED9-4BA3-44D5-8EF0-68683318BE64}.Release|Any CPU.ActiveCfg = Release|Any CPU
		{3B11AED9-4BA3-44D5-8EF0-68683318BE64}.Release|Any CPU.Build.0 = Release|Any CPU
		{1E2D5779-7BC9-4663-848A-391FE82D2BB6}.Debug|Any CPU.ActiveCfg = Debug|Any CPU
		{1E2D5779-7BC9-4663-848A-391FE82D2BB6}.Debug|Any CPU.Build.0 = Debug|Any CPU
		{1E2D5779-7BC9-4663-848A-391FE82D2BB6}.Release|Any CPU.ActiveCfg = Release|Any CPU
		{1E2D5779-7BC9-4663-848A-391FE82D2BB6}.Release|Any CPU.Build.0 = Release|Any CPU
		{A6DE5625-A993-4C85-B685-83302CBF9C9A}.Debug|Any CPU.ActiveCfg = Debug|Any CPU
		{A6DE5625-A993-4C85-B685-83302CBF9C9A}.Debug|Any CPU.Build.0 = Debug|Any CPU
		{A6DE5625-A993-4C85-B685-83302CBF9C9A}.Release|Any CPU.ActiveCfg = Release|Any CPU
		{A6DE5625-A993-4C85-B685-83302CBF9C9A}.Release|Any CPU.Build.0 = Release|Any CPU
	EndGlobalSection
	GlobalSection(SolutionProperties) = preSolution
		HideSolutionNode = FALSE
	EndGlobalSection
	GlobalSection(NestedProjects) = preSolution
		{82960FF7-3299-4BFD-8242-A81DF22F3F65} = {ED7036AF-B84F-407D-B288-D4F5909A3921}
		{693A77E1-F4E1-4BA7-9858-130494469308} = {97B90664-9E75-4883-8795-87C61FC290DC}
		{3B11AED9-4BA3-44D5-8EF0-68683318BE64} = {5E7E5A06-554C-48AA-A9FC-DEB7FA49992F}
		{1E2D5779-7BC9-4663-848A-391FE82D2BB6} = {F5200B10-71DB-4AF6-838B-D550E08E5AD3}
		{A6DE5625-A993-4C85-B685-83302CBF9C9A} = {04CFFE9A-3021-443E-99E1-3F47D82086D2}
	EndGlobalSection
	GlobalSection(ExtensibilityGlobals) = postSolution
		SolutionGuid = {98BB2658-4223-4503-9CBB-199611174FBA}
	EndGlobalSection
EndGlobal
