
Microsoft Visual Studio Solution File, Format Version 12.00
# Visual Studio Version 16
VisualStudioVersion = 16.0.31019.35
MinimumVisualStudioVersion = 10.0.40219.1
Project("{9A19103F-16F7-4668-BE54-9A1E7A4F7556}") = "Lesson_4", "Lesson_4\Lesson_4.csproj", "{D168ABD0-275E-48C5-A38A-B6109AC2951B}"
EndProject
Project("{9A19103F-16F7-4668-BE54-9A1E7A4F7556}") = "Task_4_2", "Task_4_2\Task_4_2.csproj", "{89CCDB04-A503-42C0-B1DF-5056BF66D522}"
EndProject
Project("{9A19103F-16F7-4668-BE54-9A1E7A4F7556}") = "Task_4_3", "..\Task_4_3\Task_4_3.csproj", "{2C2CEEBB-5302-426C-B4EB-A4B5774777DA}"
EndProject
Project("{9A19103F-16F7-4668-BE54-9A1E7A4F7556}") = "Task_4_4", "..\Task_4_4\Task_4_4.csproj", "{5C88B11F-D60E-4663-879D-150541027965}"
EndProject
Project("{9A19103F-16F7-4668-BE54-9A1E7A4F7556}") = "Lesson_5", "Lesson_5\Lesson_5.csproj", "{C3B27F59-892C-426A-B2D1-92A46A2F4A05}"
EndProject
Project("{9A19103F-16F7-4668-BE54-9A1E7A4F7556}") = "LessonExeption", "LessonExeption\LessonExeption.csproj", "{6A52ABAC-7222-41E2-B7D8-99451733F976}"
EndProject
Project("{9A19103F-16F7-4668-BE54-9A1E7A4F7556}") = "CrossZero", "CrossZero\CrossZero.csproj", "{FB37C64D-18A7-46DA-A642-BCF55B2309FF}"
EndProject
Project("{FAE04EC0-301F-11D3-BF4B-00C04F79EFBC}") = "Process", "Process\Process.csproj", "{1DD398D5-2C60-4D5F-8EC6-4E980C24F605}"
EndProject
Global
	GlobalSection(SolutionConfigurationPlatforms) = preSolution
		Debug|Any CPU = Debug|Any CPU
		Release|Any CPU = Release|Any CPU
	EndGlobalSection
	GlobalSection(ProjectConfigurationPlatforms) = postSolution
		{D168ABD0-275E-48C5-A38A-B6109AC2951B}.Debug|Any CPU.ActiveCfg = Debug|Any CPU
		{D168ABD0-275E-48C5-A38A-B6109AC2951B}.Debug|Any CPU.Build.0 = Debug|Any CPU
		{D168ABD0-275E-48C5-A38A-B6109AC2951B}.Release|Any CPU.ActiveCfg = Release|Any CPU
		{D168ABD0-275E-48C5-A38A-B6109AC2951B}.Release|Any CPU.Build.0 = Release|Any CPU
		{89CCDB04-A503-42C0-B1DF-5056BF66D522}.Debug|Any CPU.ActiveCfg = Debug|Any CPU
		{89CCDB04-A503-42C0-B1DF-5056BF66D522}.Debug|Any CPU.Build.0 = Debug|Any CPU
		{89CCDB04-A503-42C0-B1DF-5056BF66D522}.Release|Any CPU.ActiveCfg = Release|Any CPU
		{89CCDB04-A503-42C0-B1DF-5056BF66D522}.Release|Any CPU.Build.0 = Release|Any CPU
		{2C2CEEBB-5302-426C-B4EB-A4B5774777DA}.Debug|Any CPU.ActiveCfg = Debug|Any CPU
		{2C2CEEBB-5302-426C-B4EB-A4B5774777DA}.Debug|Any CPU.Build.0 = Debug|Any CPU
		{2C2CEEBB-5302-426C-B4EB-A4B5774777DA}.Release|Any CPU.ActiveCfg = Release|Any CPU
		{2C2CEEBB-5302-426C-B4EB-A4B5774777DA}.Release|Any CPU.Build.0 = Release|Any CPU
		{5C88B11F-D60E-4663-879D-150541027965}.Debug|Any CPU.ActiveCfg = Debug|Any CPU
		{5C88B11F-D60E-4663-879D-150541027965}.Debug|Any CPU.Build.0 = Debug|Any CPU
		{5C88B11F-D60E-4663-879D-150541027965}.Release|Any CPU.ActiveCfg = Release|Any CPU
		{5C88B11F-D60E-4663-879D-150541027965}.Release|Any CPU.Build.0 = Release|Any CPU
		{C3B27F59-892C-426A-B2D1-92A46A2F4A05}.Debug|Any CPU.ActiveCfg = Debug|Any CPU
		{C3B27F59-892C-426A-B2D1-92A46A2F4A05}.Debug|Any CPU.Build.0 = Debug|Any CPU
		{C3B27F59-892C-426A-B2D1-92A46A2F4A05}.Release|Any CPU.ActiveCfg = Release|Any CPU
		{C3B27F59-892C-426A-B2D1-92A46A2F4A05}.Release|Any CPU.Build.0 = Release|Any CPU
		{6A52ABAC-7222-41E2-B7D8-99451733F976}.Debug|Any CPU.ActiveCfg = Debug|Any CPU
		{6A52ABAC-7222-41E2-B7D8-99451733F976}.Debug|Any CPU.Build.0 = Debug|Any CPU
		{6A52ABAC-7222-41E2-B7D8-99451733F976}.Release|Any CPU.ActiveCfg = Release|Any CPU
		{6A52ABAC-7222-41E2-B7D8-99451733F976}.Release|Any CPU.Build.0 = Release|Any CPU
		{FB37C64D-18A7-46DA-A642-BCF55B2309FF}.Debug|Any CPU.ActiveCfg = Debug|Any CPU
		{FB37C64D-18A7-46DA-A642-BCF55B2309FF}.Debug|Any CPU.Build.0 = Debug|Any CPU
		{FB37C64D-18A7-46DA-A642-BCF55B2309FF}.Release|Any CPU.ActiveCfg = Release|Any CPU
		{FB37C64D-18A7-46DA-A642-BCF55B2309FF}.Release|Any CPU.Build.0 = Release|Any CPU
		{1DD398D5-2C60-4D5F-8EC6-4E980C24F605}.Debug|Any CPU.ActiveCfg = Debug|Any CPU
		{1DD398D5-2C60-4D5F-8EC6-4E980C24F605}.Debug|Any CPU.Build.0 = Debug|Any CPU
		{1DD398D5-2C60-4D5F-8EC6-4E980C24F605}.Release|Any CPU.ActiveCfg = Release|Any CPU
		{1DD398D5-2C60-4D5F-8EC6-4E980C24F605}.Release|Any CPU.Build.0 = Release|Any CPU
	EndGlobalSection
	GlobalSection(SolutionProperties) = preSolution
		HideSolutionNode = FALSE
	EndGlobalSection
	GlobalSection(ExtensibilityGlobals) = postSolution
		SolutionGuid = {2B09DEB2-E842-4866-AB56-CF6CE6B713EF}
	EndGlobalSection
EndGlobal
