
Microsoft Visual Studio Solution File, Format Version 12.00
# Visual Studio Version 16
VisualStudioVersion = 16.0.31005.135
MinimumVisualStudioVersion = 10.0.40219.1
Project("{9A19103F-16F7-4668-BE54-9A1E7A4F7556}") = "Task_3_1", "Task_3_1.csproj", "{A0AF68E0-7451-42A5-AC42-90996200C704}"
EndProject
Project("{9A19103F-16F7-4668-BE54-9A1E7A4F7556}") = "Task_3_2", "..\Task_3_2\Task_3_2.csproj", "{2DC8AAFE-2C3A-40CE-9799-D31D915921C5}"
EndProject
Project("{FAE04EC0-301F-11D3-BF4B-00C04F79EFBC}") = "Task_3_3", "..\Task_3_3\Task_3_3.csproj", "{AE84EA81-053D-4983-A25F-FC6C8C5C6AFE}"
EndProject
Global
	GlobalSection(SolutionConfigurationPlatforms) = preSolution
		Debug|Any CPU = Debug|Any CPU
		Release|Any CPU = Release|Any CPU
	EndGlobalSection
	GlobalSection(ProjectConfigurationPlatforms) = postSolution
		{A0AF68E0-7451-42A5-AC42-90996200C704}.Debug|Any CPU.ActiveCfg = Debug|Any CPU
		{A0AF68E0-7451-42A5-AC42-90996200C704}.Debug|Any CPU.Build.0 = Debug|Any CPU
		{A0AF68E0-7451-42A5-AC42-90996200C704}.Release|Any CPU.ActiveCfg = Release|Any CPU
		{A0AF68E0-7451-42A5-AC42-90996200C704}.Release|Any CPU.Build.0 = Release|Any CPU
		{2DC8AAFE-2C3A-40CE-9799-D31D915921C5}.Debug|Any CPU.ActiveCfg = Debug|Any CPU
		{2DC8AAFE-2C3A-40CE-9799-D31D915921C5}.Debug|Any CPU.Build.0 = Debug|Any CPU
		{2DC8AAFE-2C3A-40CE-9799-D31D915921C5}.Release|Any CPU.ActiveCfg = Release|Any CPU
		{2DC8AAFE-2C3A-40CE-9799-D31D915921C5}.Release|Any CPU.Build.0 = Release|Any CPU
		{AE84EA81-053D-4983-A25F-FC6C8C5C6AFE}.Debug|Any CPU.ActiveCfg = Debug|Any CPU
		{AE84EA81-053D-4983-A25F-FC6C8C5C6AFE}.Debug|Any CPU.Build.0 = Debug|Any CPU
		{AE84EA81-053D-4983-A25F-FC6C8C5C6AFE}.Release|Any CPU.ActiveCfg = Release|Any CPU
		{AE84EA81-053D-4983-A25F-FC6C8C5C6AFE}.Release|Any CPU.Build.0 = Release|Any CPU
	EndGlobalSection
	GlobalSection(SolutionProperties) = preSolution
		HideSolutionNode = FALSE
	EndGlobalSection
	GlobalSection(ExtensibilityGlobals) = postSolution
		SolutionGuid = {F5A93CF0-AC9D-4DE0-80DF-6838768D9345}
	EndGlobalSection
EndGlobal
